
Microsoft Visual Studio Solution File, Format Version 12.00
# Visual Studio 14
VisualStudioVersion = 14.0.23107.0
MinimumVisualStudioVersion = 10.0.40219.1
Project("{F184B08F-C81C-45F6-A57F-5ABD9991F28F}") = "db_test", "db_test\db_test.vbproj", "{579D39F7-CA84-4055-BBFB-B0701554ACCA}"
EndProject
Global
	GlobalSection(SolutionConfigurationPlatforms) = preSolution
		Debug|Any CPU = Debug|Any CPU
		Release|Any CPU = Release|Any CPU
	EndGlobalSection
	GlobalSection(ProjectConfigurationPlatforms) = postSolution
		{579D39F7-CA84-4055-BBFB-B0701554ACCA}.Debug|Any CPU.ActiveCfg = Debug|Any CPU
		{579D39F7-CA84-4055-BBFB-B0701554ACCA}.Debug|Any CPU.Build.0 = Debug|Any CPU
		{579D39F7-CA84-4055-BBFB-B0701554ACCA}.Release|Any CPU.ActiveCfg = Release|Any CPU
		{579D39F7-CA84-4055-BBFB-B0701554ACCA}.Release|Any CPU.Build.0 = Release|Any CPU
	EndGlobalSection
	GlobalSection(SolutionProperties) = preSolution
		HideSolutionNode = FALSE
	EndGlobalSection
EndGlobal
